{
	"name": "avignon-test",
	"version": "1.0.0",
	"lockfileVersion": 2,
	"requires": true,
	"packages": {
		"": {
			"version": "1.0.0",
			"license": "MIT",
			"dependencies": {
				"@idyllic/compiler": "^0.0.0",
				"@types/node": "^14.14.25"
			}
		},
		"../Code/avignon/packages/compiler": {
			"name": "@idyllic/compiler",
			"version": "0.0.0",
			"license": "MPL-2.0",
			"devDependencies": {
				"@types/react": "^16.9.49",
				"@types/treeify": "^1.0.0",
				"@typescript-eslint/eslint-plugin": "^4.1.0",
				"@typescript-eslint/parser": "^4.1.0",
				"eslint": "^7.8.1",
				"eslint-config-airbnb": "^18.2.0",
				"eslint-config-prettier": "^6.11.0",
				"eslint-config-wesbos": "^1.0.0",
				"eslint-plugin-html": "^6.1.0",
				"eslint-plugin-import": "2.20.0",
				"eslint-plugin-jsx-a11y": "6.2.3",
				"eslint-plugin-prettier": "^3.1.4",
				"eslint-plugin-react": "7.18.0",
				"eslint-plugin-react-hooks": "1.7.0",
				"husky": "^4.3.0",
				"nodemon": "^2.0.6",
				"prettier": "^2.1.2",
				"prettier-eslint": "^11.0.0",
				"treeify": "^1.1.0"
			}
		},
		"node_modules/@idyllic/compiler": {
			"resolved": "../Code/avignon/packages/compiler",
			"link": true
		},
		"node_modules/@types/node": {
			"version": "14.14.25",
			"resolved": "https://registry.yarnpkg.com/@types/node/-/node-14.14.25.tgz",
			"integrity": "sha512-EPpXLOVqDvisVxtlbvzfyqSsFeQxltFbluZNRndIb8tr9KiBnYNLzrc1N3pyKUCww2RNrfHDViqDWWE1LCJQtQ==",
			"license": "MIT"
		}
	},
	"dependencies": {
		"@idyllic/compiler": {
			"version": "file:../Code/avignon/packages/compiler",
			"requires": {
				"@types/react": "^16.9.49",
				"@types/treeify": "^1.0.0",
				"@typescript-eslint/eslint-plugin": "^4.1.0",
				"@typescript-eslint/parser": "^4.1.0",
				"eslint": "^7.8.1",
				"eslint-config-airbnb": "^18.2.0",
				"eslint-config-prettier": "^6.11.0",
				"eslint-config-wesbos": "^1.0.0",
				"eslint-plugin-html": "^6.1.0",
				"eslint-plugin-import": "2.20.0",
				"eslint-plugin-jsx-a11y": "6.2.3",
				"eslint-plugin-prettier": "^3.1.4",
				"eslint-plugin-react": "7.18.0",
				"eslint-plugin-react-hooks": "1.7.0",
				"husky": "^4.3.0",
				"nodemon": "^2.0.6",
				"prettier": "^2.1.2",
				"prettier-eslint": "^11.0.0",
				"treeify": "^1.1.0"
			}
		},
		"@types/node": {
			"version": "14.14.25",
			"resolved": "https://registry.yarnpkg.com/@types/node/-/node-14.14.25.tgz",
			"integrity": "sha512-EPpXLOVqDvisVxtlbvzfyqSsFeQxltFbluZNRndIb8tr9KiBnYNLzrc1N3pyKUCww2RNrfHDViqDWWE1LCJQtQ=="
		}
	}
}
