# THIS IS AN AUTOGENERATED FILE. DO NOT EDIT THIS FILE DIRECTLY.
# yarn lockfile v1


"@idyllic/compiler@^0.1.0":
  version "0.1.0"
  resolved "https://registry.yarnpkg.com/@idyllic/compiler/-/compiler-0.1.0.tgz#9d13da0e889134e204bce4333e2112307693b232"
  integrity sha512-drGmbxpkevhUIUy2hKuUBa75HF+NEYbDpxM8sCKVyH5YO1T0bIRtrmfG3jAgH8To7Vr++qGaWKO4mhEOO9n8tA==

"@types/node@^14.14.25":
  version "14.14.25"
  resolved "https://registry.yarnpkg.com/@types/node/-/node-14.14.25.tgz"
  integrity sha512-EPpXLOVqDvisVxtlbvzfyqSsFeQxltFbluZNRndIb8tr9KiBnYNLzrc1N3pyKUCww2RNrfHDViqDWWE1LCJQtQ==
